// !$*UTF8*$!
{
	archiveVersion = 1;
	classes = {
	};
	objectVersion = 46;
	objects = {

/* Begin PBXBuildFile section */
		C91119B51651FDA9372EB579 /* Pods_Makestagram.framework in Frameworks */ = {isa = PBXBuildFile; fileRef = 532D70605FF84D01928AB2F6 /* Pods_Makestagram.framework */; };
		CF48B1AF1F05676000A43DA3 /* AppDelegate.swift in Sources */ = {isa = PBXBuildFile; fileRef = CF48B1AE1F05676000A43DA3 /* AppDelegate.swift */; };
		CF48B1B61F05676000A43DA3 /* Assets.xcassets in Resources */ = {isa = PBXBuildFile; fileRef = CF48B1B51F05676000A43DA3 /* Assets.xcassets */; };
		CF48B1D11F05755D00A43DA3 /* Main.storyboard in Resources */ = {isa = PBXBuildFile; fileRef = CF48B1D01F05755D00A43DA3 /* Main.storyboard */; };
		CF48B1D31F0575FE00A43DA3 /* LaunchScreen.storyboard in Resources */ = {isa = PBXBuildFile; fileRef = CF48B1D21F0575FE00A43DA3 /* LaunchScreen.storyboard */; };
		CF48B1D51F05767100A43DA3 /* GoogleService-Info.plist in Resources */ = {isa = PBXBuildFile; fileRef = CF48B1D41F05767100A43DA3 /* GoogleService-Info.plist */; };
		CF48B1DD1F0581F600A43DA3 /* Login.storyboard in Resources */ = {isa = PBXBuildFile; fileRef = CF48B1DC1F0581F600A43DA3 /* Login.storyboard */; };
		CF48B1DF1F05949500A43DA3 /* LoginViewController.swift in Sources */ = {isa = PBXBuildFile; fileRef = CF48B1DE1F05949500A43DA3 /* LoginViewController.swift */; };
		CF48B1E21F05C09F00A43DA3 /* User.swift in Sources */ = {isa = PBXBuildFile; fileRef = CF48B1E11F05C09F00A43DA3 /* User.swift */; };
		CF48B1E51F06D3E100A43DA3 /* CreateUsernameViewController.swift in Sources */ = {isa = PBXBuildFile; fileRef = CF48B1E41F06D3E100A43DA3 /* CreateUsernameViewController.swift */; };
		CF48B1E81F0AF08400A43DA3 /* UserService.swift in Sources */ = {isa = PBXBuildFile; fileRef = CF48B1E71F0AF08400A43DA3 /* UserService.swift */; };
		CF48B1EA1F0D5F4C00A43DA3 /* Constants.swift in Sources */ = {isa = PBXBuildFile; fileRef = CF48B1E91F0D5F4C00A43DA3 /* Constants.swift */; };
		CF48B1ED1F0D60A900A43DA3 /* Storyboard+Utility.swift in Sources */ = {isa = PBXBuildFile; fileRef = CF48B1EC1F0D60A900A43DA3 /* Storyboard+Utility.swift */; };
		CF48B2241F0DA50300A43DA3 /* HomeViewController.swift in Sources */ = {isa = PBXBuildFile; fileRef = CF48B2231F0DA50300A43DA3 /* HomeViewController.swift */; };
		CF48B2261F0DA51F00A43DA3 /* FindFriendsViewController.swift in Sources */ = {isa = PBXBuildFile; fileRef = CF48B2251F0DA51F00A43DA3 /* FindFriendsViewController.swift */; };
		CF48B2281F0DF42300A43DA3 /* MainTabBarController.swift in Sources */ = {isa = PBXBuildFile; fileRef = CF48B2271F0DF42300A43DA3 /* MainTabBarController.swift */; };
		CF48B22A1F0EA56700A43DA3 /* MGPhotoHelper.swift in Sources */ = {isa = PBXBuildFile; fileRef = CF48B2291F0EA56700A43DA3 /* MGPhotoHelper.swift */; };
		CF48B22D1F0ED1CB00A43DA3 /* StorageService.swift in Sources */ = {isa = PBXBuildFile; fileRef = CF48B22C1F0ED1CB00A43DA3 /* StorageService.swift */; };
		CF48B22F1F0EDA1A00A43DA3 /* PostService.swift in Sources */ = {isa = PBXBuildFile; fileRef = CF48B22E1F0EDA1A00A43DA3 /* PostService.swift */; };
/* End PBXBuildFile section */

/* Begin PBXFileReference section */
		0B9FF223C848BEE265D4C0A2 /* Pods-Makestagram.debug.xcconfig */ = {isa = PBXFileReference; includeInIndex = 1; lastKnownFileType = text.xcconfig; name = "Pods-Makestagram.debug.xcconfig"; path = "Pods/Target Support Files/Pods-Makestagram/Pods-Makestagram.debug.xcconfig"; sourceTree = "<group>"; };
		3798187721B25B401EB0FA61 /* Pods-Makestagram.release.xcconfig */ = {isa = PBXFileReference; includeInIndex = 1; lastKnownFileType = text.xcconfig; name = "Pods-Makestagram.release.xcconfig"; path = "Pods/Target Support Files/Pods-Makestagram/Pods-Makestagram.release.xcconfig"; sourceTree = "<group>"; };
		532D70605FF84D01928AB2F6 /* Pods_Makestagram.framework */ = {isa = PBXFileReference; explicitFileType = wrapper.framework; includeInIndex = 0; path = Pods_Makestagram.framework; sourceTree = BUILT_PRODUCTS_DIR; };
		CF48B1AB1F05676000A43DA3 /* Makestagram.app */ = {isa = PBXFileReference; explicitFileType = wrapper.application; includeInIndex = 0; path = Makestagram.app; sourceTree = BUILT_PRODUCTS_DIR; };
		CF48B1AE1F05676000A43DA3 /* AppDelegate.swift */ = {isa = PBXFileReference; lastKnownFileType = sourcecode.swift; path = AppDelegate.swift; sourceTree = "<group>"; };
		CF48B1B51F05676000A43DA3 /* Assets.xcassets */ = {isa = PBXFileReference; lastKnownFileType = folder.assetcatalog; path = Assets.xcassets; sourceTree = "<group>"; };
		CF48B1D01F05755D00A43DA3 /* Main.storyboard */ = {isa = PBXFileReference; fileEncoding = 4; lastKnownFileType = file.storyboard; name = Main.storyboard; path = Base.lproj/Main.storyboard; sourceTree = "<group>"; };
		CF48B1D21F0575FE00A43DA3 /* LaunchScreen.storyboard */ = {isa = PBXFileReference; fileEncoding = 4; lastKnownFileType = file.storyboard; name = LaunchScreen.storyboard; path = Base.lproj/LaunchScreen.storyboard; sourceTree = "<group>"; };
		CF48B1D41F05767100A43DA3 /* GoogleService-Info.plist */ = {isa = PBXFileReference; lastKnownFileType = text.plist; name = "GoogleService-Info.plist"; path = "../../Downloads/GoogleService-Info.plist"; sourceTree = SOURCE_ROOT; };
		CF48B1D61F0577A400A43DA3 /* Info.plist */ = {isa = PBXFileReference; fileEncoding = 4; lastKnownFileType = text.plist.xml; name = Info.plist; path = Supporting/Info.plist; sourceTree = "<group>"; };
		CF48B1DC1F0581F600A43DA3 /* Login.storyboard */ = {isa = PBXFileReference; fileEncoding = 4; lastKnownFileType = file.storyboard; name = Login.storyboard; path = Storyboards/Login.storyboard; sourceTree = "<group>"; };
		CF48B1DE1F05949500A43DA3 /* LoginViewController.swift */ = {isa = PBXFileReference; fileEncoding = 4; lastKnownFileType = sourcecode.swift; path = LoginViewController.swift; sourceTree = "<group>"; };
		CF48B1E11F05C09F00A43DA3 /* User.swift */ = {isa = PBXFileReference; fileEncoding = 4; lastKnownFileType = sourcecode.swift; path = User.swift; sourceTree = "<group>"; };
		CF48B1E41F06D3E100A43DA3 /* CreateUsernameViewController.swift */ = {isa = PBXFileReference; fileEncoding = 4; lastKnownFileType = sourcecode.swift; path = CreateUsernameViewController.swift; sourceTree = "<group>"; };
		CF48B1E71F0AF08400A43DA3 /* UserService.swift */ = {isa = PBXFileReference; fileEncoding = 4; lastKnownFileType = sourcecode.swift; path = UserService.swift; sourceTree = "<group>"; };
		CF48B1E91F0D5F4C00A43DA3 /* Constants.swift */ = {isa = PBXFileReference; fileEncoding = 4; lastKnownFileType = sourcecode.swift; path = Constants.swift; sourceTree = "<group>"; };
		CF48B1EC1F0D60A900A43DA3 /* Storyboard+Utility.swift */ = {isa = PBXFileReference; fileEncoding = 4; lastKnownFileType = sourcecode.swift; path = "Storyboard+Utility.swift"; sourceTree = "<group>"; };
		CF48B2231F0DA50300A43DA3 /* HomeViewController.swift */ = {isa = PBXFileReference; fileEncoding = 4; lastKnownFileType = sourcecode.swift; path = HomeViewController.swift; sourceTree = "<group>"; };
		CF48B2251F0DA51F00A43DA3 /* FindFriendsViewController.swift */ = {isa = PBXFileReference; fileEncoding = 4; lastKnownFileType = sourcecode.swift; path = FindFriendsViewController.swift; sourceTree = "<group>"; };
		CF48B2271F0DF42300A43DA3 /* MainTabBarController.swift */ = {isa = PBXFileReference; fileEncoding = 4; lastKnownFileType = sourcecode.swift; path = MainTabBarController.swift; sourceTree = "<group>"; };
		CF48B2291F0EA56700A43DA3 /* MGPhotoHelper.swift */ = {isa = PBXFileReference; fileEncoding = 4; lastKnownFileType = sourcecode.swift; name = MGPhotoHelper.swift; path = ../MGPhotoHelper.swift; sourceTree = "<group>"; };
		CF48B22C1F0ED1CB00A43DA3 /* StorageService.swift */ = {isa = PBXFileReference; fileEncoding = 4; lastKnownFileType = sourcecode.swift; path = StorageService.swift; sourceTree = "<group>"; };
		CF48B22E1F0EDA1A00A43DA3 /* PostService.swift */ = {isa = PBXFileReference; fileEncoding = 4; lastKnownFileType = sourcecode.swift; path = PostService.swift; sourceTree = "<group>"; };
/* End PBXFileReference section */

/* Begin PBXFrameworksBuildPhase section */
		CF48B1A81F05676000A43DA3 /* Frameworks */ = {
			isa = PBXFrameworksBuildPhase;
			buildActionMask = 2147483647;
			files = (
				C91119B51651FDA9372EB579 /* Pods_Makestagram.framework in Frameworks */,
			);
			runOnlyForDeploymentPostprocessing = 0;
		};
/* End PBXFrameworksBuildPhase section */

/* Begin PBXGroup section */
		2195C9A16F0A3F9738CD9394 /* Pods */ = {
			isa = PBXGroup;
			children = (
				0B9FF223C848BEE265D4C0A2 /* Pods-Makestagram.debug.xcconfig */,
				3798187721B25B401EB0FA61 /* Pods-Makestagram.release.xcconfig */,
			);
			name = Pods;
			sourceTree = "<group>";
		};
		335A0725E6523B2028BB58F5 /* Frameworks */ = {
			isa = PBXGroup;
			children = (
				532D70605FF84D01928AB2F6 /* Pods_Makestagram.framework */,
			);
			name = Frameworks;
			sourceTree = "<group>";
		};
		CF48B1A21F05676000A43DA3 = {
			isa = PBXGroup;
			children = (
				CF48B1AD1F05676000A43DA3 /* Makestagram */,
				CF48B1AC1F05676000A43DA3 /* Products */,
				2195C9A16F0A3F9738CD9394 /* Pods */,
				335A0725E6523B2028BB58F5 /* Frameworks */,
			);
			sourceTree = "<group>";
		};
		CF48B1AC1F05676000A43DA3 /* Products */ = {
			isa = PBXGroup;
			children = (
				CF48B1AB1F05676000A43DA3 /* Makestagram.app */,
			);
			name = Products;
			sourceTree = "<group>";
		};
		CF48B1AD1F05676000A43DA3 /* Makestagram */ = {
			isa = PBXGroup;
			children = (
				CF48B2271F0DF42300A43DA3 /* MainTabBarController.swift */,
				CF48B1B51F05676000A43DA3 /* Assets.xcassets */,
				CF48B1AE1F05676000A43DA3 /* AppDelegate.swift */,
				CF48B1DA1F0579C300A43DA3 /* View Controllers */,
				CF48B1E61F0AF05500A43DA3 /* Services */,
				CF48B22B1F0EA57600A43DA3 /* Helpers */,
				CF48B1E31F05C0A400A43DA3 /* Models */,
				CF48B1DB1F0579DC00A43DA3 /* Storyboards */,
				CF48B1EB1F0D608B00A43DA3 /* Extensions */,
				CF48B1D91F05799400A43DA3 /* Supporting Files */,
			);
			path = Makestagram;
			sourceTree = "<group>";
		};
		CF48B1D91F05799400A43DA3 /* Supporting Files */ = {
			isa = PBXGroup;
			children = (
				CF48B1D21F0575FE00A43DA3 /* LaunchScreen.storyboard */,
				CF48B1D61F0577A400A43DA3 /* Info.plist */,
				CF48B1D41F05767100A43DA3 /* GoogleService-Info.plist */,
				CF48B1E91F0D5F4C00A43DA3 /* Constants.swift */,
			);
			name = "Supporting Files";
			sourceTree = "<group>";
		};
		CF48B1DA1F0579C300A43DA3 /* View Controllers */ = {
			isa = PBXGroup;
			children = (
				CF48B1DE1F05949500A43DA3 /* LoginViewController.swift */,
				CF48B1E41F06D3E100A43DA3 /* CreateUsernameViewController.swift */,
				CF48B2231F0DA50300A43DA3 /* HomeViewController.swift */,
				CF48B2251F0DA51F00A43DA3 /* FindFriendsViewController.swift */,
			);
			name = "View Controllers";
			sourceTree = "<group>";
		};
		CF48B1DB1F0579DC00A43DA3 /* Storyboards */ = {
			isa = PBXGroup;
			children = (
				CF48B1DC1F0581F600A43DA3 /* Login.storyboard */,
				CF48B1D01F05755D00A43DA3 /* Main.storyboard */,
			);
			name = Storyboards;
			sourceTree = "<group>";
		};
		CF48B1E31F05C0A400A43DA3 /* Models */ = {
			isa = PBXGroup;
			children = (
				CF48B1E11F05C09F00A43DA3 /* User.swift */,
			);
			name = Models;
			sourceTree = "<group>";
		};
		CF48B1E61F0AF05500A43DA3 /* Services */ = {
			isa = PBXGroup;
			children = (
				CF48B1E71F0AF08400A43DA3 /* UserService.swift */,
				CF48B22C1F0ED1CB00A43DA3 /* StorageService.swift */,
				CF48B22E1F0EDA1A00A43DA3 /* PostService.swift */,
			);
			name = Services;
			sourceTree = "<group>";
		};
		CF48B1EB1F0D608B00A43DA3 /* Extensions */ = {
			isa = PBXGroup;
			children = (
				CF48B1EC1F0D60A900A43DA3 /* Storyboard+Utility.swift */,
			);
			name = Extensions;
			sourceTree = "<group>";
		};
		CF48B22B1F0EA57600A43DA3 /* Helpers */ = {
			isa = PBXGroup;
			children = (
				CF48B2291F0EA56700A43DA3 /* MGPhotoHelper.swift */,
			);
			name = Helpers;
			sourceTree = "<group>";
		};
/* End PBXGroup section */

/* Begin PBXNativeTarget section */
		CF48B1AA1F05676000A43DA3 /* Makestagram */ = {
			isa = PBXNativeTarget;
			buildConfigurationList = CF48B1BD1F05676000A43DA3 /* Build configuration list for PBXNativeTarget "Makestagram" */;
			buildPhases = (
				BBD679D26C2EFA8EFCB52039 /* [CP] Check Pods Manifest.lock */,
				CF48B1A71F05676000A43DA3 /* Sources */,
				CF48B1A81F05676000A43DA3 /* Frameworks */,
				CF48B1A91F05676000A43DA3 /* Resources */,
				BBCA581C137D8C888D86D195 /* [CP] Embed Pods Frameworks */,
				A674E2AB0302537C9EAFAEAD /* [CP] Copy Pods Resources */,
			);
			buildRules = (
			);
			dependencies = (
			);
			name = Makestagram;
			productName = Makestagram;
			productReference = CF48B1AB1F05676000A43DA3 /* Makestagram.app */;
			productType = "com.apple.product-type.application";
		};
/* End PBXNativeTarget section */

/* Begin PBXProject section */
		CF48B1A31F05676000A43DA3 /* Project object */ = {
			isa = PBXProject;
			attributes = {
				LastSwiftUpdateCheck = 0830;
				LastUpgradeCheck = 0830;
				ORGANIZATIONNAME = "Anika Morris";
				TargetAttributes = {
					CF48B1AA1F05676000A43DA3 = {
						CreatedOnToolsVersion = 8.3.3;
						DevelopmentTeam = HXYM5H2DXG;
						ProvisioningStyle = Automatic;
					};
				};
			};
			buildConfigurationList = CF48B1A61F05676000A43DA3 /* Build configuration list for PBXProject "Makestagram" */;
			compatibilityVersion = "Xcode 3.2";
			developmentRegion = English;
			hasScannedForEncodings = 0;
			knownRegions = (
				en,
				Base,
			);
			mainGroup = CF48B1A21F05676000A43DA3;
			productRefGroup = CF48B1AC1F05676000A43DA3 /* Products */;
			projectDirPath = "";
			projectRoot = "";
			targets = (
				CF48B1AA1F05676000A43DA3 /* Makestagram */,
			);
		};
/* End PBXProject section */

/* Begin PBXResourcesBuildPhase section */
		CF48B1A91F05676000A43DA3 /* Resources */ = {
			isa = PBXResourcesBuildPhase;
			buildActionMask = 2147483647;
			files = (
				CF48B1D11F05755D00A43DA3 /* Main.storyboard in Resources */,
				CF48B1D31F0575FE00A43DA3 /* LaunchScreen.storyboard in Resources */,
				CF48B1DD1F0581F600A43DA3 /* Login.storyboard in Resources */,
				CF48B1B61F05676000A43DA3 /* Assets.xcassets in Resources */,
				CF48B1D51F05767100A43DA3 /* GoogleService-Info.plist in Resources */,
			);
			runOnlyForDeploymentPostprocessing = 0;
		};
/* End PBXResourcesBuildPhase section */

/* Begin PBXShellScriptBuildPhase section */
		A674E2AB0302537C9EAFAEAD /* [CP] Copy Pods Resources */ = {
			isa = PBXShellScriptBuildPhase;
			buildActionMask = 2147483647;
			files = (
			);
			inputPaths = (
			);
			name = "[CP] Copy Pods Resources";
			outputPaths = (
			);
			runOnlyForDeploymentPostprocessing = 0;
			shellPath = /bin/sh;
			shellScript = "\"${SRCROOT}/Pods/Target Support Files/Pods-Makestagram/Pods-Makestagram-resources.sh\"\n";
			showEnvVarsInLog = 0;
		};
		BBCA581C137D8C888D86D195 /* [CP] Embed Pods Frameworks */ = {
			isa = PBXShellScriptBuildPhase;
			buildActionMask = 2147483647;
			files = (
			);
			inputPaths = (
			);
			name = "[CP] Embed Pods Frameworks";
			outputPaths = (
			);
			runOnlyForDeploymentPostprocessing = 0;
			shellPath = /bin/sh;
			shellScript = "\"${SRCROOT}/Pods/Target Support Files/Pods-Makestagram/Pods-Makestagram-frameworks.sh\"\n";
			showEnvVarsInLog = 0;
		};
		BBD679D26C2EFA8EFCB52039 /* [CP] Check Pods Manifest.lock */ = {
			isa = PBXShellScriptBuildPhase;
			buildActionMask = 2147483647;
			files = (
			);
			inputPaths = (
			);
			name = "[CP] Check Pods Manifest.lock";
			outputPaths = (
			);
			runOnlyForDeploymentPostprocessing = 0;
			shellPath = /bin/sh;
			shellScript = "diff \"${PODS_PODFILE_DIR_PATH}/Podfile.lock\" \"${PODS_ROOT}/Manifest.lock\" > /dev/null\nif [ $? != 0 ] ; then\n    # print error to STDERR\n    echo \"error: The sandbox is not in sync with the Podfile.lock. Run 'pod install' or update your CocoaPods installation.\" >&2\n    exit 1\nfi\n";
			showEnvVarsInLog = 0;
		};
/* End PBXShellScriptBuildPhase section */

/* Begin PBXSourcesBuildPhase section */
		CF48B1A71F05676000A43DA3 /* Sources */ = {
			isa = PBXSourcesBuildPhase;
			buildActionMask = 2147483647;
			files = (
				CF48B1E21F05C09F00A43DA3 /* User.swift in Sources */,
				CF48B22D1F0ED1CB00A43DA3 /* StorageService.swift in Sources */,
				CF48B1DF1F05949500A43DA3 /* LoginViewController.swift in Sources */,
				CF48B2281F0DF42300A43DA3 /* MainTabBarController.swift in Sources */,
				CF48B1E81F0AF08400A43DA3 /* UserService.swift in Sources */,
				CF48B2241F0DA50300A43DA3 /* HomeViewController.swift in Sources */,
				CF48B22A1F0EA56700A43DA3 /* MGPhotoHelper.swift in Sources */,
				CF48B1ED1F0D60A900A43DA3 /* Storyboard+Utility.swift in Sources */,
				CF48B2261F0DA51F00A43DA3 /* FindFriendsViewController.swift in Sources */,
				CF48B1EA1F0D5F4C00A43DA3 /* Constants.swift in Sources */,
				CF48B22F1F0EDA1A00A43DA3 /* PostService.swift in Sources */,
				CF48B1E51F06D3E100A43DA3 /* CreateUsernameViewController.swift in Sources */,
				CF48B1AF1F05676000A43DA3 /* AppDelegate.swift in Sources */,
			);
			runOnlyForDeploymentPostprocessing = 0;
		};
/* End PBXSourcesBuildPhase section */

/* Begin XCBuildConfiguration section */
		CF48B1BB1F05676000A43DA3 /* Debug */ = {
			isa = XCBuildConfiguration;
			buildSettings = {
				ALWAYS_SEARCH_USER_PATHS = NO;
				CLANG_ANALYZER_NONNULL = YES;
				CLANG_ANALYZER_NUMBER_OBJECT_CONVERSION = YES_AGGRESSIVE;
				CLANG_CXX_LANGUAGE_STANDARD = "gnu++0x";
				CLANG_CXX_LIBRARY = "libc++";
				CLANG_ENABLE_MODULES = YES;
				CLANG_ENABLE_OBJC_ARC = YES;
				CLANG_WARN_BOOL_CONVERSION = YES;
				CLANG_WARN_CONSTANT_CONVERSION = YES;
				CLANG_WARN_DIRECT_OBJC_ISA_USAGE = YES_ERROR;
				CLANG_WARN_DOCUMENTATION_COMMENTS = YES;
				CLANG_WARN_EMPTY_BODY = YES;
				CLANG_WARN_ENUM_CONVERSION = YES;
				CLANG_WARN_INFINITE_RECURSION = YES;
				CLANG_WARN_INT_CONVERSION = YES;
				CLANG_WARN_OBJC_ROOT_CLASS = YES_ERROR;
				CLANG_WARN_SUSPICIOUS_MOVE = YES;
				CLANG_WARN_UNREACHABLE_CODE = YES;
				CLANG_WARN__DUPLICATE_METHOD_MATCH = YES;
				"CODE_SIGN_IDENTITY[sdk=iphoneos*]" = "iPhone Developer";
				COPY_PHASE_STRIP = NO;
				DEBUG_INFORMATION_FORMAT = dwarf;
				ENABLE_STRICT_OBJC_MSGSEND = YES;
				ENABLE_TESTABILITY = YES;
				GCC_C_LANGUAGE_STANDARD = gnu99;
				GCC_DYNAMIC_NO_PIC = NO;
				GCC_NO_COMMON_BLOCKS = YES;
				GCC_OPTIMIZATION_LEVEL = 0;
				GCC_PREPROCESSOR_DEFINITIONS = (
					"DEBUG=1",
					"$(inherited)",
				);
				GCC_WARN_64_TO_32_BIT_CONVERSION = YES;
				GCC_WARN_ABOUT_RETURN_TYPE = YES_ERROR;
				GCC_WARN_UNDECLARED_SELECTOR = YES;
				GCC_WARN_UNINITIALIZED_AUTOS = YES_AGGRESSIVE;
				GCC_WARN_UNUSED_FUNCTION = YES;
				GCC_WARN_UNUSED_VARIABLE = YES;
				IPHONEOS_DEPLOYMENT_TARGET = 10.3;
				MTL_ENABLE_DEBUG_INFO = YES;
				ONLY_ACTIVE_ARCH = YES;
				SDKROOT = iphoneos;
				SWIFT_ACTIVE_COMPILATION_CONDITIONS = DEBUG;
				SWIFT_OPTIMIZATION_LEVEL = "-Onone";
			};
			name = Debug;
		};
		CF48B1BC1F05676000A43DA3 /* Release */ = {
			isa = XCBuildConfiguration;
			buildSettings = {
				ALWAYS_SEARCH_USER_PATHS = NO;
				CLANG_ANALYZER_NONNULL = YES;
				CLANG_ANALYZER_NUMBER_OBJECT_CONVERSION = YES_AGGRESSIVE;
				CLANG_CXX_LANGUAGE_STANDARD = "gnu++0x";
				CLANG_CXX_LIBRARY = "libc++";
				CLANG_ENABLE_MODULES = YES;
				CLANG_ENABLE_OBJC_ARC = YES;
				CLANG_WARN_BOOL_CONVERSION = YES;
				CLANG_WARN_CONSTANT_CONVERSION = YES;
				CLANG_WARN_DIRECT_OBJC_ISA_USAGE = YES_ERROR;
				CLANG_WARN_DOCUMENTATION_COMMENTS = YES;
				CLANG_WARN_EMPTY_BODY = YES;
				CLANG_WARN_ENUM_CONVERSION = YES;
				CLANG_WARN_INFINITE_RECURSION = YES;
				CLANG_WARN_INT_CONVERSION = YES;
				CLANG_WARN_OBJC_ROOT_CLASS = YES_ERROR;
				CLANG_WARN_SUSPICIOUS_MOVE = YES;
				CLANG_WARN_UNREACHABLE_CODE = YES;
				CLANG_WARN__DUPLICATE_METHOD_MATCH = YES;
				"CODE_SIGN_IDENTITY[sdk=iphoneos*]" = "iPhone Developer";
				COPY_PHASE_STRIP = NO;
				DEBUG_INFORMATION_FORMAT = "dwarf-with-dsym";
				ENABLE_NS_ASSERTIONS = NO;
				ENABLE_STRICT_OBJC_MSGSEND = YES;
				GCC_C_LANGUAGE_STANDARD = gnu99;
				GCC_NO_COMMON_BLOCKS = YES;
				GCC_WARN_64_TO_32_BIT_CONVERSION = YES;
				GCC_WARN_ABOUT_RETURN_TYPE = YES_ERROR;
				GCC_WARN_UNDECLARED_SELECTOR = YES;
				GCC_WARN_UNINITIALIZED_AUTOS = YES_AGGRESSIVE;
				GCC_WARN_UNUSED_FUNCTION = YES;
				GCC_WARN_UNUSED_VARIABLE = YES;
				IPHONEOS_DEPLOYMENT_TARGET = 10.3;
				MTL_ENABLE_DEBUG_INFO = NO;
				SDKROOT = iphoneos;
				SWIFT_OPTIMIZATION_LEVEL = "-Owholemodule";
				VALIDATE_PRODUCT = YES;
			};
			name = Release;
		};
		CF48B1BE1F05676000A43DA3 /* Debug */ = {
			isa = XCBuildConfiguration;
			baseConfigurationReference = 0B9FF223C848BEE265D4C0A2 /* Pods-Makestagram.debug.xcconfig */;
			buildSettings = {
				ASSETCATALOG_COMPILER_APPICON_NAME = AppIcon;
				DEVELOPMENT_TEAM = HXYM5H2DXG;
				INFOPLIST_FILE = "$(SRCROOT)/Makestagram/Supporting/Info.plist";
				LD_RUNPATH_SEARCH_PATHS = "$(inherited) @executable_path/Frameworks";
				PRODUCT_BUNDLE_IDENTIFIER = com.anikamorris.Makestagram;
				PRODUCT_NAME = "$(TARGET_NAME)";
				SWIFT_VERSION = 3.0;
			};
			name = Debug;
		};
		CF48B1BF1F05676000A43DA3 /* Release */ = {
			isa = XCBuildConfiguration;
			baseConfigurationReference = 3798187721B25B401EB0FA61 /* Pods-Makestagram.release.xcconfig */;
			buildSettings = {
				ASSETCATALOG_COMPILER_APPICON_NAME = AppIcon;
				DEVELOPMENT_TEAM = HXYM5H2DXG;
				INFOPLIST_FILE = "$(SRCROOT)/Makestagram/Supporting/Info.plist";
				LD_RUNPATH_SEARCH_PATHS = "$(inherited) @executable_path/Frameworks";
				PRODUCT_BUNDLE_IDENTIFIER = com.anikamorris.Makestagram;
				PRODUCT_NAME = "$(TARGET_NAME)";
				SWIFT_VERSION = 3.0;
			};
			name = Release;
		};
/* End XCBuildConfiguration section */

/* Begin XCConfigurationList section */
		CF48B1A61F05676000A43DA3 /* Build configuration list for PBXProject "Makestagram" */ = {
			isa = XCConfigurationList;
			buildConfigurations = (
				CF48B1BB1F05676000A43DA3 /* Debug */,
				CF48B1BC1F05676000A43DA3 /* Release */,
			);
			defaultConfigurationIsVisible = 0;
			defaultConfigurationName = Release;
		};
		CF48B1BD1F05676000A43DA3 /* Build configuration list for PBXNativeTarget "Makestagram" */ = {
			isa = XCConfigurationList;
			buildConfigurations = (
				CF48B1BE1F05676000A43DA3 /* Debug */,
				CF48B1BF1F05676000A43DA3 /* Release */,
			);
			defaultConfigurationIsVisible = 0;
			defaultConfigurationName = Release;
		};
/* End XCConfigurationList section */
	};
	rootObject = CF48B1A31F05676000A43DA3 /* Project object */;
}
